
Microsoft Visual Studio Solution File, Format Version 12.00
# Visual Studio Version 17
VisualStudioVersion = 17.14.36408.4 d17.14
MinimumVisualStudioVersion = 10.0.40219.1
Project("{FAE04EC0-301F-11D3-BF4B-00C04F79EFBC}") = "Hospital_Managment", "Hospital_Managment.csproj", "{31E82C3E-B84C-4644-924D-AEAE91BB49C0}"
EndProject
Global
	GlobalSection(SolutionConfigurationPlatforms) = preSolution
		Debug|Any CPU = Debug|Any CPU
		Release|Any CPU = Release|Any CPU
	EndGlobalSection
	GlobalSection(ProjectConfigurationPlatforms) = postSolution
		{31E82C3E-B84C-4644-924D-AEAE91BB49C0}.Debug|Any CPU.ActiveCfg = Debug|Any CPU
		{31E82C3E-B84C-4644-924D-AEAE91BB49C0}.Debug|Any CPU.Build.0 = Debug|Any CPU
		{31E82C3E-B84C-4644-924D-AEAE91BB49C0}.Release|Any CPU.ActiveCfg = Release|Any CPU
		{31E82C3E-B84C-4644-924D-AEAE91BB49C0}.Release|Any CPU.Build.0 = Release|Any CPU
	EndGlobalSection
	GlobalSection(SolutionProperties) = preSolution
		HideSolutionNode = FALSE
	EndGlobalSection
	GlobalSection(ExtensibilityGlobals) = postSolution
		SolutionGuid = {F4FDB473-550C-4F05-A51C-666705DF89BA}
	EndGlobalSection
EndGlobal
